
Microsoft Visual Studio Solution File, Format Version 12.00
# Visual Studio Version 17
VisualStudioVersion = 17.3.32901.215
MinimumVisualStudioVersion = 10.0.40219.1
Project("{FAE04EC0-301F-11D3-BF4B-00C04F79EFBC}") = "ConsoleApplekcja19.10v2", "ConsoleApplekcja19.10v2.csproj", "{A3988FC7-A1AA-4915-8DC3-793979F82CF8}"
EndProject
Global
	GlobalSection(SolutionConfigurationPlatforms) = preSolution
		Debug|Any CPU = Debug|Any CPU
		Release|Any CPU = Release|Any CPU
	EndGlobalSection
	GlobalSection(ProjectConfigurationPlatforms) = postSolution
		{A3988FC7-A1AA-4915-8DC3-793979F82CF8}.Debug|Any CPU.ActiveCfg = Debug|Any CPU
		{A3988FC7-A1AA-4915-8DC3-793979F82CF8}.Debug|Any CPU.Build.0 = Debug|Any CPU
		{A3988FC7-A1AA-4915-8DC3-793979F82CF8}.Release|Any CPU.ActiveCfg = Release|Any CPU
		{A3988FC7-A1AA-4915-8DC3-793979F82CF8}.Release|Any CPU.Build.0 = Release|Any CPU
	EndGlobalSection
	GlobalSection(SolutionProperties) = preSolution
		HideSolutionNode = FALSE
	EndGlobalSection
	GlobalSection(ExtensibilityGlobals) = postSolution
		SolutionGuid = {865795A7-B3F2-47D6-BE3B-B0F2EA6E3E92}
	EndGlobalSection
EndGlobal
